// !$*UTF8*$!
{
	archiveVersion = 1;
	classes = {
	};
	objectVersion = 46;
	objects = {

		73EC9DFCCFB96DAA97CA0DA3 = {isa = PBXBuildFile; fileRef = E23794A8E3FD63DFF5208D07; };
		9DD737B27A81A1271C66722E = {isa = PBXBuildFile; fileRef = 4F67F0C6EC954F3340A4825A; };
		F6782A72EC2D80EE6694BD6F = {isa = PBXBuildFile; fileRef = BB28DDCBD274EAB955CD9EDF; };
		A5F4A8D8A30C3128273BDD93 = {isa = PBXBuildFile; fileRef = 0DFE6FC0F87A44B2E70C3350; };
		212CED0F534658C6281C7150 = {isa = PBXBuildFile; fileRef = 331D954F120CA906D4B37AED; };
		015BF5C041C5C9B9AE064DF6 = {isa = PBXBuildFile; fileRef = F3856603F98B86F4AEF107E1; };
		67D51CC38B1EA8B92CA48FEB = {isa = PBXBuildFile; fileRef = 01A94320A882DB58CC6F63C3; };
		E48FDD8F5BDF246FDEA8BC96 = {isa = PBXBuildFile; fileRef = 42D034B9D9698FA7D6805C6D; };
		E18D864EC448C3E3D5C2A246 = {isa = PBXBuildFile; fileRef = AFF71762DD251521C40552B5; };
		84F5C267697823F64EE42433 = {isa = PBXBuildFile; fileRef = D36AA3E3B7E03DA3197621EE; };
		3268FD69387FF1FEC405F5B9 = {isa = PBXBuildFile; fileRef = F52BC8010022ACA9D896D753; };
		411A5699ABE803681092EFD4 = {isa = PBXBuildFile; fileRef = 9E2F03FF6A753A6C0783AB67; };
		7C821E52E1A1759800777539 = {isa = PBXBuildFile; fileRef = 6B7FF3FD3FDA1295CA504B62; };
		CDDEECB0FF890819C9AAF4B3 = {isa = PBXBuildFile; fileRef = 6C2487B8485D9E0F0F008681; };
		A6C6D3624F051D6918E6A8F3 = {isa = PBXBuildFile; fileRef = 39BE2EC3FF98451DA836469F; };
		EB8706800F0C6E47DA020FC5 = {isa = PBXBuildFile; fileRef = 561BCBBBFB124B650230F176; };
		41E8D646F2450F9536A85877 = {isa = PBXBuildFile; fileRef = F0CA08D9C988502D11AC87B2; };
		253EDC72C445E85A2E60CD92 = {isa = PBXBuildFile; fileRef = C2C9DF92D00E9977EDBBC170; };
		0BCD2D86F8FB1531B26B21F2 = {isa = PBXBuildFile; fileRef = 0B49C69854D7ED0586694D51; };
		39789AC25E47E02EBAB64E5C = {isa = PBXBuildFile; fileRef = 757A01B2616AAAADEFB0D3CD; };
		306D9869F517818A6816DC55 = {isa = PBXBuildFile; fileRef = C737E395D555398BEE6DE755; };
		B2294E9276EB5A8C8E0DE52B = {isa = PBXBuildFile; fileRef = 425424C41756C6B7AA97CEC9; };
		1C0CCA3EFD6DD3B0F948078A = {isa = PBXBuildFile; fileRef = 474B76CEE5A945B901BE915A; };
		4A55AF3A7F5E4C5FDD644652 = {isa = PBXBuildFile; fileRef = 2ED2DD5528A5011976F6C92D; };
		EB558CFA871051CE7E8D4174 = {isa = PBXBuildFile; fileRef = 2BC38FDECC5FFD39B72045CD; };
		5CD4BA6DF61CA915C72A0E11 = {isa = PBXBuildFile; fileRef = 27B6B331FFE4E6B43563857E; };
		89D82D6B7454C597A94BC231 = {isa = PBXBuildFile; fileRef = 542BF73143383DC8F878D1FB; };
		7AE548B80E55E1F6E29256B7 = {isa = PBXBuildFile; fileRef = 104BBB0BB225B54A8CA5E871; };
		8399915650BE09931CD7C11D = {isa = PBXBuildFile; fileRef = 717B170A489FFEB2BDEF29FD; };
		12262381E0967D7D92D65DD6 = {isa = PBXBuildFile; fileRef = EFEAAAF90A2907546C8EA3BA; };
		67B91090AD67B1F0810FE833 = {isa = PBXBuildFile; fileRef = 2750978DF4397833946442A1; };
		6BDBAE5D332A39FC77866734 = {isa = PBXBuildFile; fileRef = 09A74E08E25B5F986AA4B6DB; };
		01A94320A882DB58CC6F63C3 = {isa = PBXFileReference; lastKnownFileType = wrapper.framework; name = CoreAudio.framework; path = System/Library/Frameworks/CoreAudio.framework; sourceTree = SDKROOT; };
		08C5CC004DE09CDC4519E99B = {isa = PBXFileReference; lastKnownFileType = file; name = "juce_video"; path = "../../../../../Applications/JUCE/modules/juce_video"; sourceTree = "SOURCE_ROOT"; };
		09A74E08E25B5F986AA4B6DB = {isa = PBXFileReference; lastKnownFileType = sourcecode.cpp.objcpp; name = "include_juce_video.mm"; path = "../../JuceLibraryCode/include_juce_video.mm"; sourceTree = "SOURCE_ROOT"; };
		0B49C69854D7ED0586694D51 = {isa = PBXFileReference; lastKnownFileType = sourcecode.cpp.objcpp; name = "include_juce_audio_basics.mm"; path = "../../JuceLibraryCode/include_juce_audio_basics.mm"; sourceTree = "SOURCE_ROOT"; };
		0DFE6FC0F87A44B2E70C3350 = {isa = PBXFileReference; lastKnownFileType = wrapper.framework; name = AVFoundation.framework; path = System/Library/Frameworks/AVFoundation.framework; sourceTree = SDKROOT; };
		104BBB0BB225B54A8CA5E871 = {isa = PBXFileReference; lastKnownFileType = sourcecode.cpp.objcpp; name = "include_juce_graphics.mm"; path = "../../JuceLibraryCode/include_juce_graphics.mm"; sourceTree = "SOURCE_ROOT"; };
		2750978DF4397833946442A1 = {isa = PBXFileReference; lastKnownFileType = sourcecode.cpp.objcpp; name = "include_juce_opengl.mm"; path = "../../JuceLibraryCode/include_juce_opengl.mm"; sourceTree = "SOURCE_ROOT"; };
		2760888731BC9C111F41BDF0 = {isa = PBXFileReference; lastKnownFileType = file; name = "juce_gui_extra"; path = "../../../../../Applications/JUCE/modules/juce_gui_extra"; sourceTree = "SOURCE_ROOT"; };
		27B6B331FFE4E6B43563857E = {isa = PBXFileReference; lastKnownFileType = sourcecode.cpp.objcpp; name = "include_juce_data_structures.mm"; path = "../../JuceLibraryCode/include_juce_data_structures.mm"; sourceTree = "SOURCE_ROOT"; };
		2BC38FDECC5FFD39B72045CD = {isa = PBXFileReference; lastKnownFileType = sourcecode.cpp.objcpp; name = "include_juce_cryptography.mm"; path = "../../JuceLibraryCode/include_juce_cryptography.mm"; sourceTree = "SOURCE_ROOT"; };
		2ED2DD5528A5011976F6C92D = {isa = PBXFileReference; lastKnownFileType = sourcecode.cpp.objcpp; name = "include_juce_core.mm"; path = "../../JuceLibraryCode/include_juce_core.mm"; sourceTree = "SOURCE_ROOT"; };
		331D954F120CA906D4B37AED = {isa = PBXFileReference; lastKnownFileType = wrapper.framework; name = Carbon.framework; path = System/Library/Frameworks/Carbon.framework; sourceTree = SDKROOT; };
		39BE2EC3FF98451DA836469F = {isa = PBXFileReference; lastKnownFileType = file.nib; name = RecentFilesMenuTemplate.nib; path = RecentFilesMenuTemplate.nib; sourceTree = "SOURCE_ROOT"; };
		425424C41756C6B7AA97CEC9 = {isa = PBXFileReference; lastKnownFileType = sourcecode.cpp.objcpp; name = "include_juce_audio_processors.mm"; path = "../../JuceLibraryCode/include_juce_audio_processors.mm"; sourceTree = "SOURCE_ROOT"; };
		42D034B9D9698FA7D6805C6D = {isa = PBXFileReference; lastKnownFileType = wrapper.framework; name = CoreMedia.framework; path = System/Library/Frameworks/CoreMedia.framework; sourceTree = SDKROOT; };
		474B76CEE5A945B901BE915A = {isa = PBXFileReference; lastKnownFileType = sourcecode.cpp.objcpp; name = "include_juce_audio_utils.mm"; path = "../../JuceLibraryCode/include_juce_audio_utils.mm"; sourceTree = "SOURCE_ROOT"; };
		4F67F0C6EC954F3340A4825A = {isa = PBXFileReference; lastKnownFileType = wrapper.framework; name = Accelerate.framework; path = System/Library/Frameworks/Accelerate.framework; sourceTree = SDKROOT; };
		542BF73143383DC8F878D1FB = {isa = PBXFileReference; lastKnownFileType = sourcecode.cpp.objcpp; name = "include_juce_events.mm"; path = "../../JuceLibraryCode/include_juce_events.mm"; sourceTree = "SOURCE_ROOT"; };
		55C4B0D43FB68A7566F0A6D8 = {isa = PBXFileReference; lastKnownFileType = file; name = "juce_graphics"; path = "../../../../../Applications/JUCE/modules/juce_graphics"; sourceTree = "SOURCE_ROOT"; };
		561BCBBBFB124B650230F176 = {isa = PBXFileReference; lastKnownFileType = sourcecode.cpp.cpp; name = AoiWaveform.cpp; path = ../../Source/AoiWaveform.cpp; sourceTree = "SOURCE_ROOT"; };
		6B7FF3FD3FDA1295CA504B62 = {isa = PBXFileReference; lastKnownFileType = wrapper.framework; name = QuartzCore.framework; path = System/Library/Frameworks/QuartzCore.framework; sourceTree = SDKROOT; };
		6C2487B8485D9E0F0F008681 = {isa = PBXFileReference; lastKnownFileType = wrapper.framework; name = WebKit.framework; path = System/Library/Frameworks/WebKit.framework; sourceTree = SDKROOT; };
		717B170A489FFEB2BDEF29FD = {isa = PBXFileReference; lastKnownFileType = sourcecode.cpp.objcpp; name = "include_juce_gui_basics.mm"; path = "../../JuceLibraryCode/include_juce_gui_basics.mm"; sourceTree = "SOURCE_ROOT"; };
		757A01B2616AAAADEFB0D3CD = {isa = PBXFileReference; lastKnownFileType = sourcecode.cpp.objcpp; name = "include_juce_audio_devices.mm"; path = "../../JuceLibraryCode/include_juce_audio_devices.mm"; sourceTree = "SOURCE_ROOT"; };
		77D6597880FADA2A5D9DB118 = {isa = PBXFileReference; lastKnownFileType = file; name = "juce_core"; path = "../../../../../Applications/JUCE/modules/juce_core"; sourceTree = "SOURCE_ROOT"; };
		796FD53061B8480A4CEF2152 = {isa = PBXFileReference; lastKnownFileType = text.plist.xml; name = "Info-App.plist"; path = "Info-App.plist"; sourceTree = "SOURCE_ROOT"; };
		7A6008684B85EC7E53B52B71 = {isa = PBXFileReference; lastKnownFileType = file; name = "juce_opengl"; path = "../../../../../Applications/JUCE/modules/juce_opengl"; sourceTree = "SOURCE_ROOT"; };
		7C20247BCF387F1A63573C03 = {isa = PBXFileReference; lastKnownFileType = sourcecode.c.h; name = AoiWaveform.hpp; path = ../../Source/AoiWaveform.hpp; sourceTree = "SOURCE_ROOT"; };
		8CC0EC521935FF7127E7C496 = {isa = PBXFileReference; lastKnownFileType = file; name = "juce_audio_processors"; path = "../../../../../Applications/JUCE/modules/juce_audio_processors"; sourceTree = "SOURCE_ROOT"; };
		97E8FE33785CE548E6293756 = {isa = PBXFileReference; lastKnownFileType = file; name = "juce_gui_basics"; path = "../../../../../Applications/JUCE/modules/juce_gui_basics"; sourceTree = "SOURCE_ROOT"; };
		99DEF45DF4CEBC05EEEAA0A5 = {isa = PBXFileReference; lastKnownFileType = file; name = "juce_audio_utils"; path = "../../../../../Applications/JUCE/modules/juce_audio_utils"; sourceTree = "SOURCE_ROOT"; };
		9AE5DF968CF4E715464A0256 = {isa = PBXFileReference; lastKnownFileType = file; name = "juce_data_structures"; path = "../../../../../Applications/JUCE/modules/juce_data_structures"; sourceTree = "SOURCE_ROOT"; };
		9E2F03FF6A753A6C0783AB67 = {isa = PBXFileReference; lastKnownFileType = wrapper.framework; name = OpenGL.framework; path = System/Library/Frameworks/OpenGL.framework; sourceTree = SDKROOT; };
		AFF71762DD251521C40552B5 = {isa = PBXFileReference; lastKnownFileType = wrapper.framework; name = CoreMIDI.framework; path = System/Library/Frameworks/CoreMIDI.framework; sourceTree = SDKROOT; };
		B08CAC776A7FC1511342093D = {isa = PBXFileReference; lastKnownFileType = file; name = "juce_cryptography"; path = "../../../../../Applications/JUCE/modules/juce_cryptography"; sourceTree = "SOURCE_ROOT"; };
		B550031034AE20EAD0117C47 = {isa = PBXFileReference; lastKnownFileType = sourcecode.c.h; name = AppConfig.h; path = ../../JuceLibraryCode/AppConfig.h; sourceTree = "SOURCE_ROOT"; };
		B5CB33B96BAE63F12A1E80B7 = {isa = PBXFileReference; lastKnownFileType = sourcecode.c.h; name = JuceHeader.h; path = ../../JuceLibraryCode/JuceHeader.h; sourceTree = "SOURCE_ROOT"; };
		BB28DDCBD274EAB955CD9EDF = {isa = PBXFileReference; lastKnownFileType = wrapper.framework; name = AudioToolbox.framework; path = System/Library/Frameworks/AudioToolbox.framework; sourceTree = SDKROOT; };
		C2C9DF92D00E9977EDBBC170 = {isa = PBXFileReference; lastKnownFileType = sourcecode.cpp.cpp; name = Main.cpp; path = ../../Source/Main.cpp; sourceTree = "SOURCE_ROOT"; };
		C429C2F5412D08FEF8BA09DE = {isa = PBXFileReference; lastKnownFileType = file; name = "juce_audio_devices"; path = "../../../../../Applications/JUCE/modules/juce_audio_devices"; sourceTree = "SOURCE_ROOT"; };
		C737E395D555398BEE6DE755 = {isa = PBXFileReference; lastKnownFileType = sourcecode.cpp.objcpp; name = "include_juce_audio_formats.mm"; path = "../../JuceLibraryCode/include_juce_audio_formats.mm"; sourceTree = "SOURCE_ROOT"; };
		D36AA3E3B7E03DA3197621EE = {isa = PBXFileReference; lastKnownFileType = wrapper.framework; name = DiscRecording.framework; path = System/Library/Frameworks/DiscRecording.framework; sourceTree = SDKROOT; };
		DBB1DE6A5FB19B8E629FAC48 = {isa = PBXFileReference; lastKnownFileType = file; name = "juce_audio_basics"; path = "../../../../../Applications/JUCE/modules/juce_audio_basics"; sourceTree = "SOURCE_ROOT"; };
		E23794A8E3FD63DFF5208D07 = {isa = PBXFileReference; explicitFileType = wrapper.application; includeInIndex = 0; path = PlayAudioFile.app; sourceTree = "BUILT_PRODUCTS_DIR"; };
		E259CCD282D65989EC70C6DC = {isa = PBXFileReference; lastKnownFileType = sourcecode.c.h; name = MainComponent.h; path = ../../Source/MainComponent.h; sourceTree = "SOURCE_ROOT"; };
		EFEAAAF90A2907546C8EA3BA = {isa = PBXFileReference; lastKnownFileType = sourcecode.cpp.objcpp; name = "include_juce_gui_extra.mm"; path = "../../JuceLibraryCode/include_juce_gui_extra.mm"; sourceTree = "SOURCE_ROOT"; };
		F0CA08D9C988502D11AC87B2 = {isa = PBXFileReference; lastKnownFileType = sourcecode.cpp.cpp; name = MainComponent.cpp; path = ../../Source/MainComponent.cpp; sourceTree = "SOURCE_ROOT"; };
		F3856603F98B86F4AEF107E1 = {isa = PBXFileReference; lastKnownFileType = wrapper.framework; name = Cocoa.framework; path = System/Library/Frameworks/Cocoa.framework; sourceTree = SDKROOT; };
		F52BC8010022ACA9D896D753 = {isa = PBXFileReference; lastKnownFileType = wrapper.framework; name = IOKit.framework; path = System/Library/Frameworks/IOKit.framework; sourceTree = SDKROOT; };
		FFB8AA8A7F8FE7D3921A13C8 = {isa = PBXFileReference; lastKnownFileType = file; name = "juce_events"; path = "../../../../../Applications/JUCE/modules/juce_events"; sourceTree = "SOURCE_ROOT"; };
		FFEF737B125783BB0BBC7761 = {isa = PBXFileReference; lastKnownFileType = file; name = "juce_audio_formats"; path = "../../../../../Applications/JUCE/modules/juce_audio_formats"; sourceTree = "SOURCE_ROOT"; };
		1757B2B574244CCE36D5D405 = {isa = PBXGroup; children = (
					561BCBBBFB124B650230F176,
					7C20247BCF387F1A63573C03,
					E259CCD282D65989EC70C6DC,
					F0CA08D9C988502D11AC87B2,
					C2C9DF92D00E9977EDBBC170, ); name = Source; sourceTree = "<group>"; };
		25C38B9FD96B3A23D9023156 = {isa = PBXGroup; children = (
					1757B2B574244CCE36D5D405, ); name = PlayAudioFile; sourceTree = "<group>"; };
		D3984A5E4B2B64A4A8BB0DD9 = {isa = PBXGroup; children = (
					DBB1DE6A5FB19B8E629FAC48,
					C429C2F5412D08FEF8BA09DE,
					FFEF737B125783BB0BBC7761,
					8CC0EC521935FF7127E7C496,
					99DEF45DF4CEBC05EEEAA0A5,
					77D6597880FADA2A5D9DB118,
					B08CAC776A7FC1511342093D,
					9AE5DF968CF4E715464A0256,
					FFB8AA8A7F8FE7D3921A13C8,
					55C4B0D43FB68A7566F0A6D8,
					97E8FE33785CE548E6293756,
					2760888731BC9C111F41BDF0,
					7A6008684B85EC7E53B52B71,
					08C5CC004DE09CDC4519E99B, ); name = "Juce Modules"; sourceTree = "<group>"; };
		62DA85D68E3FA7C1821818C0 = {isa = PBXGroup; children = (
					B550031034AE20EAD0117C47,
					0B49C69854D7ED0586694D51,
					757A01B2616AAAADEFB0D3CD,
					C737E395D555398BEE6DE755,
					425424C41756C6B7AA97CEC9,
					474B76CEE5A945B901BE915A,
					2ED2DD5528A5011976F6C92D,
					2BC38FDECC5FFD39B72045CD,
					27B6B331FFE4E6B43563857E,
					542BF73143383DC8F878D1FB,
					104BBB0BB225B54A8CA5E871,
					717B170A489FFEB2BDEF29FD,
					EFEAAAF90A2907546C8EA3BA,
					2750978DF4397833946442A1,
					09A74E08E25B5F986AA4B6DB,
					B5CB33B96BAE63F12A1E80B7, ); name = "Juce Library Code"; sourceTree = "<group>"; };
		8364A934D2D05251C8AE09B8 = {isa = PBXGroup; children = (
					796FD53061B8480A4CEF2152,
					39BE2EC3FF98451DA836469F, ); name = Resources; sourceTree = "<group>"; };
		417347FFE87FD93D12DDBC07 = {isa = PBXGroup; children = (
					4F67F0C6EC954F3340A4825A,
					BB28DDCBD274EAB955CD9EDF,
					0DFE6FC0F87A44B2E70C3350,
					331D954F120CA906D4B37AED,
					F3856603F98B86F4AEF107E1,
					01A94320A882DB58CC6F63C3,
					42D034B9D9698FA7D6805C6D,
					AFF71762DD251521C40552B5,
					D36AA3E3B7E03DA3197621EE,
					F52BC8010022ACA9D896D753,
					9E2F03FF6A753A6C0783AB67,
					6B7FF3FD3FDA1295CA504B62,
					6C2487B8485D9E0F0F008681, ); name = Frameworks; sourceTree = "<group>"; };
		90B08BDE977F30EBEA1E14DD = {isa = PBXGroup; children = (
					E23794A8E3FD63DFF5208D07, ); name = Products; sourceTree = "<group>"; };
		23DEAA3C1800A826FAFDCA19 = {isa = PBXGroup; children = (
					25C38B9FD96B3A23D9023156,
					D3984A5E4B2B64A4A8BB0DD9,
					62DA85D68E3FA7C1821818C0,
					8364A934D2D05251C8AE09B8,
					417347FFE87FD93D12DDBC07,
					90B08BDE977F30EBEA1E14DD, ); name = Source; sourceTree = "<group>"; };
		C4FEB7B85D6A59B427DE0C62 = {isa = XCBuildConfiguration; buildSettings = {
				CLANG_CXX_LANGUAGE_STANDARD = "c++0x";
				CLANG_CXX_LANGUAGE_STANDARD = "c++14";
				CLANG_CXX_LIBRARY = "libc++";
				CLANG_LINK_OBJC_RUNTIME = NO;
				COMBINE_HIDPI_IMAGES = YES;
				CONFIGURATION_BUILD_DIR = "$(PROJECT_DIR)/build/$(CONFIGURATION)";
				COPY_PHASE_STRIP = NO;
				GCC_DYNAMIC_NO_PIC = NO;
				GCC_OPTIMIZATION_LEVEL = 0;
				GCC_PREPROCESSOR_DEFINITIONS = (
					"_DEBUG=1",
					"DEBUG=1",
					"JUCER_XCODE_MAC_F6D2F4CF=1",
					"JUCE_APP_VERSION=1.1.0",
					"JUCE_APP_VERSION_HEX=0x10100",
					"JucePlugin_Build_VST=0",
					"JucePlugin_Build_VST3=0",
					"JucePlugin_Build_AU=0",
					"JucePlugin_Build_AUv3=0",
					"JucePlugin_Build_RTAS=0",
					"JucePlugin_Build_AAX=0",
					"JucePlugin_Build_Standalone=0", );
				GCC_VERSION = com.apple.compilers.llvm.clang.1_0;
				HEADER_SEARCH_PATHS = ("../../JuceLibraryCode", "../../../../../Applications/JUCE/modules", "/juce_audio_plugin_client", "$(inherited)");
				INFOPLIST_FILE = Info-App.plist;
				INSTALL_PATH = "$(HOME)/Applications";
				MACOSX_DEPLOYMENT_TARGET = 10.12;
				MACOSX_DEPLOYMENT_TARGET_ppc = 10.4;
				PRODUCT_BUNDLE_IDENTIFIER = com.yourcompany.PlayAudioFile;
				SDKROOT = macosx10.12;
				SDKROOT_ppc = macosx10.5; }; name = Debug; };
		F63AE0672BA68344A45D5394 = {isa = XCBuildConfiguration; buildSettings = {
				CLANG_CXX_LANGUAGE_STANDARD = "c++0x";
				CLANG_CXX_LANGUAGE_STANDARD = "c++14";
				CLANG_CXX_LIBRARY = "libc++";
				CLANG_LINK_OBJC_RUNTIME = NO;
				COMBINE_HIDPI_IMAGES = YES;
				CONFIGURATION_BUILD_DIR = "$(PROJECT_DIR)/build/$(CONFIGURATION)";
				DEAD_CODE_STRIPPING = YES;
				GCC_GENERATE_DEBUGGING_SYMBOLS = NO;
				GCC_OPTIMIZATION_LEVEL = 3;
				GCC_PREPROCESSOR_DEFINITIONS = (
					"_NDEBUG=1",
					"NDEBUG=1",
					"JUCER_XCODE_MAC_F6D2F4CF=1",
					"JUCE_APP_VERSION=1.1.0",
					"JUCE_APP_VERSION_HEX=0x10100",
					"JucePlugin_Build_VST=0",
					"JucePlugin_Build_VST3=0",
					"JucePlugin_Build_AU=0",
					"JucePlugin_Build_AUv3=0",
					"JucePlugin_Build_RTAS=0",
					"JucePlugin_Build_AAX=0",
					"JucePlugin_Build_Standalone=0", );
				GCC_SYMBOLS_PRIVATE_EXTERN = YES;
				GCC_VERSION = com.apple.compilers.llvm.clang.1_0;
				HEADER_SEARCH_PATHS = ("../../JuceLibraryCode", "../../../../../Applications/JUCE/modules", "/juce_audio_plugin_client", "$(inherited)");
				INFOPLIST_FILE = Info-App.plist;
				INSTALL_PATH = "$(HOME)/Applications";
				MACOSX_DEPLOYMENT_TARGET = 10.12;
				MACOSX_DEPLOYMENT_TARGET_ppc = 10.4;
				PRODUCT_BUNDLE_IDENTIFIER = com.yourcompany.PlayAudioFile;
				SDKROOT = macosx10.12;
				SDKROOT_ppc = macosx10.5; }; name = Release; };
		87DB53E1833145383EE236BF = {isa = XCBuildConfiguration; buildSettings = {
				ALWAYS_SEARCH_USER_PATHS = NO;
				DEBUG_INFORMATION_FORMAT = "dwarf";
				ENABLE_TESTABILITY = YES;
				GCC_C_LANGUAGE_STANDARD = c11;
				GCC_INLINES_ARE_PRIVATE_EXTERN = YES;
				GCC_MODEL_TUNING = G5;
				GCC_WARN_ABOUT_RETURN_TYPE = YES;
				GCC_WARN_CHECK_SWITCH_STATEMENTS = YES;
				GCC_WARN_MISSING_PARENTHESES = YES;
				GCC_WARN_NON_VIRTUAL_DESTRUCTOR = YES;
				GCC_WARN_TYPECHECK_CALLS_TO_PRINTF = YES;
				GCC_WARN_UNUSED_VARIABLE = YES;
				ONLY_ACTIVE_ARCH = YES;
				PRODUCT_NAME = "PlayAudioFile";
				WARNING_CFLAGS = -Wreorder;
				ZERO_LINK = NO; }; name = Debug; };
		6AEAD09582D553AB1DF996A1 = {isa = XCBuildConfiguration; buildSettings = {
				ALWAYS_SEARCH_USER_PATHS = NO;
				DEBUG_INFORMATION_FORMAT = "dwarf";
				GCC_C_LANGUAGE_STANDARD = c11;
				GCC_INLINES_ARE_PRIVATE_EXTERN = YES;
				GCC_MODEL_TUNING = G5;
				GCC_WARN_ABOUT_RETURN_TYPE = YES;
				GCC_WARN_CHECK_SWITCH_STATEMENTS = YES;
				GCC_WARN_MISSING_PARENTHESES = YES;
				GCC_WARN_NON_VIRTUAL_DESTRUCTOR = YES;
				GCC_WARN_TYPECHECK_CALLS_TO_PRINTF = YES;
				GCC_WARN_UNUSED_VARIABLE = YES;
				PRODUCT_NAME = "PlayAudioFile";
				WARNING_CFLAGS = -Wreorder;
				ZERO_LINK = NO; }; name = Release; };
		813CAE1136813911F69D69B7 = {isa = PBXTargetDependency; target = 75CCFF4A83F0C4D911A19E47; };
		2A2A78691949D41525E8E345 = {isa = XCConfigurationList; buildConfigurations = (
					87DB53E1833145383EE236BF,
					6AEAD09582D553AB1DF996A1, ); defaultConfigurationIsVisible = 0; defaultConfigurationName = Debug; };
		C58FB9A09E50B158BD1D84E5 = {isa = XCConfigurationList; buildConfigurations = (
					C4FEB7B85D6A59B427DE0C62,
					F63AE0672BA68344A45D5394, ); defaultConfigurationIsVisible = 0; defaultConfigurationName = Debug; };
		F6B2D9B17C9D085AE5666C38 = {isa = PBXResourcesBuildPhase; buildActionMask = 2147483647; files = (
					A6C6D3624F051D6918E6A8F3, ); runOnlyForDeploymentPostprocessing = 0; };
		958CE38778A89899A91EB997 = {isa = PBXSourcesBuildPhase; buildActionMask = 2147483647; files = (
					EB8706800F0C6E47DA020FC5,
					41E8D646F2450F9536A85877,
					253EDC72C445E85A2E60CD92,
					0BCD2D86F8FB1531B26B21F2,
					39789AC25E47E02EBAB64E5C,
					306D9869F517818A6816DC55,
					B2294E9276EB5A8C8E0DE52B,
					1C0CCA3EFD6DD3B0F948078A,
					4A55AF3A7F5E4C5FDD644652,
					EB558CFA871051CE7E8D4174,
					5CD4BA6DF61CA915C72A0E11,
					89D82D6B7454C597A94BC231,
					7AE548B80E55E1F6E29256B7,
					8399915650BE09931CD7C11D,
					12262381E0967D7D92D65DD6,
					67B91090AD67B1F0810FE833,
					6BDBAE5D332A39FC77866734, ); runOnlyForDeploymentPostprocessing = 0; };
		7B7F57A947FAD6AB9B7ADC7B = {isa = PBXFrameworksBuildPhase; buildActionMask = 2147483647; files = (
					9DD737B27A81A1271C66722E,
					F6782A72EC2D80EE6694BD6F,
					A5F4A8D8A30C3128273BDD93,
					212CED0F534658C6281C7150,
					015BF5C041C5C9B9AE064DF6,
					67D51CC38B1EA8B92CA48FEB,
					E48FDD8F5BDF246FDEA8BC96,
					E18D864EC448C3E3D5C2A246,
					84F5C267697823F64EE42433,
					3268FD69387FF1FEC405F5B9,
					411A5699ABE803681092EFD4,
					7C821E52E1A1759800777539,
					CDDEECB0FF890819C9AAF4B3, ); runOnlyForDeploymentPostprocessing = 0; };
		75CCFF4A83F0C4D911A19E47 = {isa = PBXNativeTarget; buildConfigurationList = C58FB9A09E50B158BD1D84E5; buildPhases = (
					F6B2D9B17C9D085AE5666C38,
					958CE38778A89899A91EB997,
					7B7F57A947FAD6AB9B7ADC7B, ); buildRules = ( ); dependencies = (  ); name = "PlayAudioFile - App"; productName = PlayAudioFile; productReference = E23794A8E3FD63DFF5208D07; productType = "com.apple.product-type.application"; };
		750D17C764A45B9F460C249B = {isa = PBXProject; buildConfigurationList = 2A2A78691949D41525E8E345; attributes = { LastUpgradeCheck = 0830; TargetAttributes = { 75CCFF4A83F0C4D911A19E47 = { SystemCapabilities = {com.apple.InAppPurchase = { enabled = 0; }; com.apple.InterAppAudio = { enabled = 0; }; com.apple.Sandbox = { enabled = 0; }; }; }; }; }; compatibilityVersion = "Xcode 3.2"; hasScannedForEncodings = 0; mainGroup = 23DEAA3C1800A826FAFDCA19; projectDirPath = ""; projectRoot = ""; targets = (75CCFF4A83F0C4D911A19E47); };
	};
	rootObject = 750D17C764A45B9F460C249B;
}
